// !$*UTF8*$!
{
	archiveVersion = 1;
	classes = {
	};
	objectVersion = 55;
	objects = {

/* Begin PBXBuildFile section */
		955823E62836ADD700675C9F /* SignInViewController.swift in Sources */ = {isa = PBXBuildFile; fileRef = 955823E52836ADD700675C9F /* SignInViewController.swift */; };
		955823E82836AFD500675C9F /* ForgotPasswordViewController.swift in Sources */ = {isa = PBXBuildFile; fileRef = 955823E72836AFD500675C9F /* ForgotPasswordViewController.swift */; };
		955823EA2836B4C700675C9F /* Test.storyboard in Resources */ = {isa = PBXBuildFile; fileRef = 955823E92836B4C600675C9F /* Test.storyboard */; };
		955823EC2836B4D200675C9F /* TestViewController.swift in Sources */ = {isa = PBXBuildFile; fileRef = 955823EB2836B4D200675C9F /* TestViewController.swift */; };
		955823EE28379C6500675C9F /* AllertService.swift in Sources */ = {isa = PBXBuildFile; fileRef = 955823ED28379C6500675C9F /* AllertService.swift */; };
		955823F028379D0800675C9F /* OnboardingViewController.swift in Sources */ = {isa = PBXBuildFile; fileRef = 955823EF28379D0800675C9F /* OnboardingViewController.swift */; };
		9569F41A2826500D00D17B33 /* AppDelegate.swift in Sources */ = {isa = PBXBuildFile; fileRef = 9569F4192826500D00D17B33 /* AppDelegate.swift */; };
		9569F41C2826500D00D17B33 /* SceneDelegate.swift in Sources */ = {isa = PBXBuildFile; fileRef = 9569F41B2826500D00D17B33 /* SceneDelegate.swift */; };
		9569F41E2826500D00D17B33 /* SignUpViewController.swift in Sources */ = {isa = PBXBuildFile; fileRef = 9569F41D2826500D00D17B33 /* SignUpViewController.swift */; };
		9569F4212826500D00D17B33 /* Main.storyboard in Resources */ = {isa = PBXBuildFile; fileRef = 9569F41F2826500D00D17B33 /* Main.storyboard */; };
		9569F4232826500E00D17B33 /* Assets.xcassets in Resources */ = {isa = PBXBuildFile; fileRef = 9569F4222826500E00D17B33 /* Assets.xcassets */; };
		9569F4262826500E00D17B33 /* LaunchScreen.storyboard in Resources */ = {isa = PBXBuildFile; fileRef = 9569F4242826500E00D17B33 /* LaunchScreen.storyboard */; };
		957496432826555A00C88CFB /* Tabbar.storyboard in Resources */ = {isa = PBXBuildFile; fileRef = 957496422826555A00C88CFB /* Tabbar.storyboard */; };
		95749645282660E900C88CFB /* TabbarController.swift in Sources */ = {isa = PBXBuildFile; fileRef = 95749644282660E900C88CFB /* TabbarController.swift */; };
		9574964C2826623100C88CFB /* FeedViewController.swift in Sources */ = {isa = PBXBuildFile; fileRef = 9574964B2826623100C88CFB /* FeedViewController.swift */; };
		9574964E2826624900C88CFB /* SearchViewController.swift in Sources */ = {isa = PBXBuildFile; fileRef = 9574964D2826624900C88CFB /* SearchViewController.swift */; };
		957496502826625300C88CFB /* ChatViewController.swift in Sources */ = {isa = PBXBuildFile; fileRef = 9574964F2826625300C88CFB /* ChatViewController.swift */; };
		957496522826625F00C88CFB /* NotificationsViewController.swift in Sources */ = {isa = PBXBuildFile; fileRef = 957496512826625F00C88CFB /* NotificationsViewController.swift */; };
		957496542826626B00C88CFB /* ProfileViewController.swift in Sources */ = {isa = PBXBuildFile; fileRef = 957496532826626B00C88CFB /* ProfileViewController.swift */; };
		95749656282689B600C88CFB /* ProfileTableViewCell.swift in Sources */ = {isa = PBXBuildFile; fileRef = 95749655282689B600C88CFB /* ProfileTableViewCell.swift */; };
		9574965928268C7500C88CFB /* HeaderView.xib in Resources */ = {isa = PBXBuildFile; fileRef = 9574965828268C7500C88CFB /* HeaderView.xib */; };
		9574965B28268CB100C88CFB /* HeaderView.swift in Sources */ = {isa = PBXBuildFile; fileRef = 9574965A28268CB100C88CFB /* HeaderView.swift */; };
		957496692826D31300C88CFB /* FirebaseAnalytics in Frameworks */ = {isa = PBXBuildFile; productRef = 957496682826D31300C88CFB /* FirebaseAnalytics */; };
		9574966B2826D31300C88CFB /* FirebaseAnalyticsOnDeviceConversion in Frameworks */ = {isa = PBXBuildFile; productRef = 9574966A2826D31300C88CFB /* FirebaseAnalyticsOnDeviceConversion */; };
		9574966D2826D31300C88CFB /* FirebaseAnalyticsSwift in Frameworks */ = {isa = PBXBuildFile; productRef = 9574966C2826D31300C88CFB /* FirebaseAnalyticsSwift */; };
		9574966F2826D31300C88CFB /* FirebaseAnalyticsWithoutAdIdSupport in Frameworks */ = {isa = PBXBuildFile; productRef = 9574966E2826D31300C88CFB /* FirebaseAnalyticsWithoutAdIdSupport */; };
		957496712826D31300C88CFB /* FirebaseAppCheck in Frameworks */ = {isa = PBXBuildFile; productRef = 957496702826D31300C88CFB /* FirebaseAppCheck */; };
		957496732826D31300C88CFB /* FirebaseAppDistribution-Beta in Frameworks */ = {isa = PBXBuildFile; productRef = 957496722826D31300C88CFB /* FirebaseAppDistribution-Beta */; };
		957496752826D31300C88CFB /* FirebaseAuth in Frameworks */ = {isa = PBXBuildFile; productRef = 957496742826D31300C88CFB /* FirebaseAuth */; };
		957496772826D31300C88CFB /* FirebaseCrashlytics in Frameworks */ = {isa = PBXBuildFile; productRef = 957496762826D31300C88CFB /* FirebaseCrashlytics */; };
		957496792826D31300C88CFB /* FirebaseDatabase in Frameworks */ = {isa = PBXBuildFile; productRef = 957496782826D31300C88CFB /* FirebaseDatabase */; };
		9574967B2826D31300C88CFB /* FirebaseDatabaseSwift in Frameworks */ = {isa = PBXBuildFile; productRef = 9574967A2826D31300C88CFB /* FirebaseDatabaseSwift */; };
		9574967D2826D31300C88CFB /* FirebaseFirestore in Frameworks */ = {isa = PBXBuildFile; productRef = 9574967C2826D31300C88CFB /* FirebaseFirestore */; };
		9574967F2826D31300C88CFB /* FirebaseFirestoreSwift in Frameworks */ = {isa = PBXBuildFile; productRef = 9574967E2826D31300C88CFB /* FirebaseFirestoreSwift */; };
		957496812826D31300C88CFB /* FirebaseFunctions in Frameworks */ = {isa = PBXBuildFile; productRef = 957496802826D31300C88CFB /* FirebaseFunctions */; };
		957496832826D31300C88CFB /* FirebaseInAppMessaging-Beta in Frameworks */ = {isa = PBXBuildFile; productRef = 957496822826D31300C88CFB /* FirebaseInAppMessaging-Beta */; };
		957496852826D31300C88CFB /* FirebaseInAppMessagingSwift-Beta in Frameworks */ = {isa = PBXBuildFile; productRef = 957496842826D31300C88CFB /* FirebaseInAppMessagingSwift-Beta */; };
		957496872826D31300C88CFB /* FirebasePerformance in Frameworks */ = {isa = PBXBuildFile; productRef = 957496862826D31300C88CFB /* FirebasePerformance */; };
		957496892826D31300C88CFB /* FirebaseRemoteConfig in Frameworks */ = {isa = PBXBuildFile; productRef = 957496882826D31300C88CFB /* FirebaseRemoteConfig */; };
		9574968B2826D31300C88CFB /* FirebaseRemoteConfigSwift in Frameworks */ = {isa = PBXBuildFile; productRef = 9574968A2826D31300C88CFB /* FirebaseRemoteConfigSwift */; };
		9574968D2826D31300C88CFB /* FirebaseStorage in Frameworks */ = {isa = PBXBuildFile; productRef = 9574968C2826D31300C88CFB /* FirebaseStorage */; };
		9574968F2826D3CC00C88CFB /* GoogleService-Info.plist in Resources */ = {isa = PBXBuildFile; fileRef = 9574968E2826D3CC00C88CFB /* GoogleService-Info.plist */; };
		957496972827E29E00C88CFB /* VerificationService.swift in Sources */ = {isa = PBXBuildFile; fileRef = 957496962827E29E00C88CFB /* VerificationService.swift */; };
		957496A3282920C300C88CFB /* ProfileDetailVC.swift in Sources */ = {isa = PBXBuildFile; fileRef = 957496A2282920C300C88CFB /* ProfileDetailVC.swift */; };
		957496A5282EA2E100C88CFB /* ArticleService.swift in Sources */ = {isa = PBXBuildFile; fileRef = 957496A4282EA2E100C88CFB /* ArticleService.swift */; };
		957496A7282EA3B700C88CFB /* ModelArticles.swift in Sources */ = {isa = PBXBuildFile; fileRef = 957496A6282EA3B600C88CFB /* ModelArticles.swift */; };
		957496A9282EBF3700C88CFB /* OneNewsViewController.swift in Sources */ = {isa = PBXBuildFile; fileRef = 957496A8282EBF3600C88CFB /* OneNewsViewController.swift */; };
		957496AB282EC97900C88CFB /* PageViewController.swift in Sources */ = {isa = PBXBuildFile; fileRef = 957496AA282EC97900C88CFB /* PageViewController.swift */; };
		95B239C6283A540100B57044 /* ButtonService.swift in Sources */ = {isa = PBXBuildFile; fileRef = 95B239C5283A540100B57044 /* ButtonService.swift */; };
/* End PBXBuildFile section */

/* Begin PBXFileReference section */
		955823E52836ADD700675C9F /* SignInViewController.swift */ = {isa = PBXFileReference; lastKnownFileType = sourcecode.swift; path = SignInViewController.swift; sourceTree = "<group>"; };
		955823E72836AFD500675C9F /* ForgotPasswordViewController.swift */ = {isa = PBXFileReference; lastKnownFileType = sourcecode.swift; path = ForgotPasswordViewController.swift; sourceTree = "<group>"; };
		955823E92836B4C600675C9F /* Test.storyboard */ = {isa = PBXFileReference; lastKnownFileType = file.storyboard; path = Test.storyboard; sourceTree = "<group>"; };
		955823EB2836B4D200675C9F /* TestViewController.swift */ = {isa = PBXFileReference; lastKnownFileType = sourcecode.swift; path = TestViewController.swift; sourceTree = "<group>"; };
		955823ED28379C6500675C9F /* AllertService.swift */ = {isa = PBXFileReference; lastKnownFileType = sourcecode.swift; path = AllertService.swift; sourceTree = "<group>"; };
		955823EF28379D0800675C9F /* OnboardingViewController.swift */ = {isa = PBXFileReference; lastKnownFileType = sourcecode.swift; path = OnboardingViewController.swift; sourceTree = "<group>"; };
		9569F4162826500D00D17B33 /* Newspaper.app */ = {isa = PBXFileReference; explicitFileType = wrapper.application; includeInIndex = 0; path = Newspaper.app; sourceTree = BUILT_PRODUCTS_DIR; };
		9569F4192826500D00D17B33 /* AppDelegate.swift */ = {isa = PBXFileReference; lastKnownFileType = sourcecode.swift; path = AppDelegate.swift; sourceTree = "<group>"; };
		9569F41B2826500D00D17B33 /* SceneDelegate.swift */ = {isa = PBXFileReference; lastKnownFileType = sourcecode.swift; path = SceneDelegate.swift; sourceTree = "<group>"; };
		9569F41D2826500D00D17B33 /* SignUpViewController.swift */ = {isa = PBXFileReference; lastKnownFileType = sourcecode.swift; path = SignUpViewController.swift; sourceTree = "<group>"; };
		9569F4202826500D00D17B33 /* Base */ = {isa = PBXFileReference; lastKnownFileType = file.storyboard; name = Base; path = Base.lproj/Main.storyboard; sourceTree = "<group>"; };
		9569F4222826500E00D17B33 /* Assets.xcassets */ = {isa = PBXFileReference; lastKnownFileType = folder.assetcatalog; path = Assets.xcassets; sourceTree = "<group>"; };
		9569F4252826500E00D17B33 /* Base */ = {isa = PBXFileReference; lastKnownFileType = file.storyboard; name = Base; path = Base.lproj/LaunchScreen.storyboard; sourceTree = "<group>"; };
		9569F4272826500E00D17B33 /* Info.plist */ = {isa = PBXFileReference; lastKnownFileType = text.plist.xml; path = Info.plist; sourceTree = "<group>"; };
		957496422826555A00C88CFB /* Tabbar.storyboard */ = {isa = PBXFileReference; lastKnownFileType = file.storyboard; path = Tabbar.storyboard; sourceTree = "<group>"; };
		95749644282660E900C88CFB /* TabbarController.swift */ = {isa = PBXFileReference; lastKnownFileType = sourcecode.swift; path = TabbarController.swift; sourceTree = "<group>"; };
		9574964B2826623100C88CFB /* FeedViewController.swift */ = {isa = PBXFileReference; lastKnownFileType = sourcecode.swift; path = FeedViewController.swift; sourceTree = "<group>"; };
		9574964D2826624900C88CFB /* SearchViewController.swift */ = {isa = PBXFileReference; lastKnownFileType = sourcecode.swift; path = SearchViewController.swift; sourceTree = "<group>"; };
		9574964F2826625300C88CFB /* ChatViewController.swift */ = {isa = PBXFileReference; lastKnownFileType = sourcecode.swift; path = ChatViewController.swift; sourceTree = "<group>"; };
		957496512826625F00C88CFB /* NotificationsViewController.swift */ = {isa = PBXFileReference; lastKnownFileType = sourcecode.swift; path = NotificationsViewController.swift; sourceTree = "<group>"; };
		957496532826626B00C88CFB /* ProfileViewController.swift */ = {isa = PBXFileReference; lastKnownFileType = sourcecode.swift; path = ProfileViewController.swift; sourceTree = "<group>"; };
		95749655282689B600C88CFB /* ProfileTableViewCell.swift */ = {isa = PBXFileReference; lastKnownFileType = sourcecode.swift; path = ProfileTableViewCell.swift; sourceTree = "<group>"; };
		9574965828268C7500C88CFB /* HeaderView.xib */ = {isa = PBXFileReference; lastKnownFileType = file.xib; path = HeaderView.xib; sourceTree = "<group>"; };
		9574965A28268CB100C88CFB /* HeaderView.swift */ = {isa = PBXFileReference; lastKnownFileType = sourcecode.swift; path = HeaderView.swift; sourceTree = "<group>"; };
		9574968E2826D3CC00C88CFB /* GoogleService-Info.plist */ = {isa = PBXFileReference; fileEncoding = 4; lastKnownFileType = text.plist.xml; path = "GoogleService-Info.plist"; sourceTree = "<group>"; };
		957496962827E29E00C88CFB /* VerificationService.swift */ = {isa = PBXFileReference; lastKnownFileType = sourcecode.swift; path = VerificationService.swift; sourceTree = "<group>"; };
		957496A2282920C300C88CFB /* ProfileDetailVC.swift */ = {isa = PBXFileReference; lastKnownFileType = sourcecode.swift; path = ProfileDetailVC.swift; sourceTree = "<group>"; };
		957496A4282EA2E100C88CFB /* ArticleService.swift */ = {isa = PBXFileReference; lastKnownFileType = sourcecode.swift; path = ArticleService.swift; sourceTree = "<group>"; };
		957496A6282EA3B600C88CFB /* ModelArticles.swift */ = {isa = PBXFileReference; lastKnownFileType = sourcecode.swift; path = ModelArticles.swift; sourceTree = "<group>"; };
		957496A8282EBF3600C88CFB /* OneNewsViewController.swift */ = {isa = PBXFileReference; lastKnownFileType = sourcecode.swift; path = OneNewsViewController.swift; sourceTree = "<group>"; };
		957496AA282EC97900C88CFB /* PageViewController.swift */ = {isa = PBXFileReference; lastKnownFileType = sourcecode.swift; path = PageViewController.swift; sourceTree = "<group>"; };
		95B239C5283A540100B57044 /* ButtonService.swift */ = {isa = PBXFileReference; lastKnownFileType = sourcecode.swift; path = ButtonService.swift; sourceTree = "<group>"; };
/* End PBXFileReference section */

/* Begin PBXFrameworksBuildPhase section */
		9569F4132826500D00D17B33 /* Frameworks */ = {
			isa = PBXFrameworksBuildPhase;
			buildActionMask = 2147483647;
			files = (
				9574967B2826D31300C88CFB /* FirebaseDatabaseSwift in Frameworks */,
				957496832826D31300C88CFB /* FirebaseInAppMessaging-Beta in Frameworks */,
				9574966D2826D31300C88CFB /* FirebaseAnalyticsSwift in Frameworks */,
				9574968B2826D31300C88CFB /* FirebaseRemoteConfigSwift in Frameworks */,
				957496692826D31300C88CFB /* FirebaseAnalytics in Frameworks */,
				957496892826D31300C88CFB /* FirebaseRemoteConfig in Frameworks */,
				9574966B2826D31300C88CFB /* FirebaseAnalyticsOnDeviceConversion in Frameworks */,
				957496712826D31300C88CFB /* FirebaseAppCheck in Frameworks */,
				957496872826D31300C88CFB /* FirebasePerformance in Frameworks */,
				9574968D2826D31300C88CFB /* FirebaseStorage in Frameworks */,
				9574966F2826D31300C88CFB /* FirebaseAnalyticsWithoutAdIdSupport in Frameworks */,
				957496852826D31300C88CFB /* FirebaseInAppMessagingSwift-Beta in Frameworks */,
				957496772826D31300C88CFB /* FirebaseCrashlytics in Frameworks */,
				957496792826D31300C88CFB /* FirebaseDatabase in Frameworks */,
				957496752826D31300C88CFB /* FirebaseAuth in Frameworks */,
				957496812826D31300C88CFB /* FirebaseFunctions in Frameworks */,
				9574967D2826D31300C88CFB /* FirebaseFirestore in Frameworks */,
				957496732826D31300C88CFB /* FirebaseAppDistribution-Beta in Frameworks */,
				9574967F2826D31300C88CFB /* FirebaseFirestoreSwift in Frameworks */,
			);
			runOnlyForDeploymentPostprocessing = 0;
		};
/* End PBXFrameworksBuildPhase section */

/* Begin PBXGroup section */
		955823F128379D1400675C9F /* Onboarding */ = {
			isa = PBXGroup;
			children = (
				955823EF28379D0800675C9F /* OnboardingViewController.swift */,
			);
			name = Onboarding;
			sourceTree = "<group>";
		};
		955823F62837F02400675C9F /* Authorisation */ = {
			isa = PBXGroup;
			children = (
				955823E52836ADD700675C9F /* SignInViewController.swift */,
				9569F41D2826500D00D17B33 /* SignUpViewController.swift */,
				955823E72836AFD500675C9F /* ForgotPasswordViewController.swift */,
			);
			path = Authorisation;
			sourceTree = "<group>";
		};
		9569F40D2826500D00D17B33 = {
			isa = PBXGroup;
			children = (
				9574968E2826D3CC00C88CFB /* GoogleService-Info.plist */,
				9569F4182826500D00D17B33 /* Newspaper */,
				9569F4172826500D00D17B33 /* Products */,
			);
			sourceTree = "<group>";
		};
		9569F4172826500D00D17B33 /* Products */ = {
			isa = PBXGroup;
			children = (
				9569F4162826500D00D17B33 /* Newspaper.app */,
			);
			name = Products;
			sourceTree = "<group>";
		};
		9569F4182826500D00D17B33 /* Newspaper */ = {
			isa = PBXGroup;
			children = (
				9569F42D2826508200D17B33 /* Application */,
				957496952827E27C00C88CFB /* Services */,
				9574966228269EB000C88CFB /* Managers */,
				9569F42E2826535E00D17B33 /* Main */,
				957496412826554600C88CFB /* Tabbar */,
				9569F4242826500E00D17B33 /* LaunchScreen.storyboard */,
				9569F4222826500E00D17B33 /* Assets.xcassets */,
				9569F4272826500E00D17B33 /* Info.plist */,
			);
			path = Newspaper;
			sourceTree = "<group>";
		};
		9569F42D2826508200D17B33 /* Application */ = {
			isa = PBXGroup;
			children = (
				9569F4192826500D00D17B33 /* AppDelegate.swift */,
				9569F41B2826500D00D17B33 /* SceneDelegate.swift */,
			);
			path = Application;
			sourceTree = "<group>";
		};
		9569F42E2826535E00D17B33 /* Main */ = {
			isa = PBXGroup;
			children = (
				9569F41F2826500D00D17B33 /* Main.storyboard */,
				955823F128379D1400675C9F /* Onboarding */,
				955823F62837F02400675C9F /* Authorisation */,
				955823E92836B4C600675C9F /* Test.storyboard */,
				955823EB2836B4D200675C9F /* TestViewController.swift */,
			);
			path = Main;
			sourceTree = "<group>";
		};
		957496412826554600C88CFB /* Tabbar */ = {
			isa = PBXGroup;
			children = (
				957496422826555A00C88CFB /* Tabbar.storyboard */,
				95749644282660E900C88CFB /* TabbarController.swift */,
				95749646282661B100C88CFB /* feed */,
				95749647282661B700C88CFB /* search */,
				95749648282661CD00C88CFB /* chat */,
				95749649282661D200C88CFB /* notifications */,
				9574964A282661DC00C88CFB /* profile */,
			);
			path = Tabbar;
			sourceTree = "<group>";
		};
		95749646282661B100C88CFB /* feed */ = {
			isa = PBXGroup;
			children = (
				9574964B2826623100C88CFB /* FeedViewController.swift */,
				957496A8282EBF3600C88CFB /* OneNewsViewController.swift */,
				957496AA282EC97900C88CFB /* PageViewController.swift */,
			);
			path = feed;
			sourceTree = "<group>";
		};
		95749647282661B700C88CFB /* search */ = {
			isa = PBXGroup;
			children = (
				9574964D2826624900C88CFB /* SearchViewController.swift */,
			);
			path = search;
			sourceTree = "<group>";
		};
		95749648282661CD00C88CFB /* chat */ = {
			isa = PBXGroup;
			children = (
				9574964F2826625300C88CFB /* ChatViewController.swift */,
			);
			path = chat;
			sourceTree = "<group>";
		};
		95749649282661D200C88CFB /* notifications */ = {
			isa = PBXGroup;
			children = (
				957496512826625F00C88CFB /* NotificationsViewController.swift */,
			);
			path = notifications;
			sourceTree = "<group>";
		};
		9574964A282661DC00C88CFB /* profile */ = {
			isa = PBXGroup;
			children = (
				9574965728268C4E00C88CFB /* header */,
				957496532826626B00C88CFB /* ProfileViewController.swift */,
				95749655282689B600C88CFB /* ProfileTableViewCell.swift */,
				957496A2282920C300C88CFB /* ProfileDetailVC.swift */,
			);
			path = profile;
			sourceTree = "<group>";
		};
		9574965728268C4E00C88CFB /* header */ = {
			isa = PBXGroup;
			children = (
				9574965828268C7500C88CFB /* HeaderView.xib */,
				9574965A28268CB100C88CFB /* HeaderView.swift */,
			);
			path = header;
			sourceTree = "<group>";
		};
		9574966228269EB000C88CFB /* Managers */ = {
			isa = PBXGroup;
			children = (
				957496A6282EA3B600C88CFB /* ModelArticles.swift */,
			);
			path = Managers;
			sourceTree = "<group>";
		};
		957496952827E27C00C88CFB /* Services */ = {
			isa = PBXGroup;
			children = (
				957496962827E29E00C88CFB /* VerificationService.swift */,
				957496A4282EA2E100C88CFB /* ArticleService.swift */,
				955823ED28379C6500675C9F /* AllertService.swift */,
				95B239C5283A540100B57044 /* ButtonService.swift */,
			);
			path = Services;
			sourceTree = "<group>";
		};
/* End PBXGroup section */

/* Begin PBXNativeTarget section */
		9569F4152826500D00D17B33 /* Newspaper */ = {
			isa = PBXNativeTarget;
			buildConfigurationList = 9569F42A2826500E00D17B33 /* Build configuration list for PBXNativeTarget "Newspaper" */;
			buildPhases = (
				9569F4122826500D00D17B33 /* Sources */,
				9569F4132826500D00D17B33 /* Frameworks */,
				9569F4142826500D00D17B33 /* Resources */,
			);
			buildRules = (
			);
			dependencies = (
			);
			name = Newspaper;
			packageProductDependencies = (
				957496682826D31300C88CFB /* FirebaseAnalytics */,
				9574966A2826D31300C88CFB /* FirebaseAnalyticsOnDeviceConversion */,
				9574966C2826D31300C88CFB /* FirebaseAnalyticsSwift */,
				9574966E2826D31300C88CFB /* FirebaseAnalyticsWithoutAdIdSupport */,
				957496702826D31300C88CFB /* FirebaseAppCheck */,
				957496722826D31300C88CFB /* FirebaseAppDistribution-Beta */,
				957496742826D31300C88CFB /* FirebaseAuth */,
				957496762826D31300C88CFB /* FirebaseCrashlytics */,
				957496782826D31300C88CFB /* FirebaseDatabase */,
				9574967A2826D31300C88CFB /* FirebaseDatabaseSwift */,
				9574967C2826D31300C88CFB /* FirebaseFirestore */,
				9574967E2826D31300C88CFB /* FirebaseFirestoreSwift */,
				957496802826D31300C88CFB /* FirebaseFunctions */,
				957496822826D31300C88CFB /* FirebaseInAppMessaging-Beta */,
				957496842826D31300C88CFB /* FirebaseInAppMessagingSwift-Beta */,
				957496862826D31300C88CFB /* FirebasePerformance */,
				957496882826D31300C88CFB /* FirebaseRemoteConfig */,
				9574968A2826D31300C88CFB /* FirebaseRemoteConfigSwift */,
				9574968C2826D31300C88CFB /* FirebaseStorage */,
			);
			productName = Newspaper;
			productReference = 9569F4162826500D00D17B33 /* Newspaper.app */;
			productType = "com.apple.product-type.application";
		};
/* End PBXNativeTarget section */

/* Begin PBXProject section */
		9569F40E2826500D00D17B33 /* Project object */ = {
			isa = PBXProject;
			attributes = {
				BuildIndependentTargetsInParallel = 1;
				LastSwiftUpdateCheck = 1330;
				LastUpgradeCheck = 1330;
				TargetAttributes = {
					9569F4152826500D00D17B33 = {
						CreatedOnToolsVersion = 13.3;
					};
				};
			};
			buildConfigurationList = 9569F4112826500D00D17B33 /* Build configuration list for PBXProject "Newspaper" */;
			compatibilityVersion = "Xcode 13.0";
			developmentRegion = en;
			hasScannedForEncodings = 0;
			knownRegions = (
				en,
				Base,
			);
			mainGroup = 9569F40D2826500D00D17B33;
			packageReferences = (
				957496672826D31300C88CFB /* XCRemoteSwiftPackageReference "firebase-ios-sdk" */,
			);
			productRefGroup = 9569F4172826500D00D17B33 /* Products */;
			projectDirPath = "";
			projectRoot = "";
			targets = (
				9569F4152826500D00D17B33 /* Newspaper */,
			);
		};
/* End PBXProject section */

/* Begin PBXResourcesBuildPhase section */
		9569F4142826500D00D17B33 /* Resources */ = {
			isa = PBXResourcesBuildPhase;
			buildActionMask = 2147483647;
			files = (
				957496432826555A00C88CFB /* Tabbar.storyboard in Resources */,
				9574965928268C7500C88CFB /* HeaderView.xib in Resources */,
				9569F4262826500E00D17B33 /* LaunchScreen.storyboard in Resources */,
				9569F4232826500E00D17B33 /* Assets.xcassets in Resources */,
				9569F4212826500D00D17B33 /* Main.storyboard in Resources */,
				9574968F2826D3CC00C88CFB /* GoogleService-Info.plist in Resources */,
				955823EA2836B4C700675C9F /* Test.storyboard in Resources */,
			);
			runOnlyForDeploymentPostprocessing = 0;
		};
/* End PBXResourcesBuildPhase section */

/* Begin PBXSourcesBuildPhase section */
		9569F4122826500D00D17B33 /* Sources */ = {
			isa = PBXSourcesBuildPhase;
			buildActionMask = 2147483647;
			files = (
				9574964E2826624900C88CFB /* SearchViewController.swift in Sources */,
				9569F41E2826500D00D17B33 /* SignUpViewController.swift in Sources */,
				955823EC2836B4D200675C9F /* TestViewController.swift in Sources */,
				957496A3282920C300C88CFB /* ProfileDetailVC.swift in Sources */,
				955823EE28379C6500675C9F /* AllertService.swift in Sources */,
				95749645282660E900C88CFB /* TabbarController.swift in Sources */,
				95749656282689B600C88CFB /* ProfileTableViewCell.swift in Sources */,
				957496A7282EA3B700C88CFB /* ModelArticles.swift in Sources */,
				957496502826625300C88CFB /* ChatViewController.swift in Sources */,
				9574964C2826623100C88CFB /* FeedViewController.swift in Sources */,
				955823E82836AFD500675C9F /* ForgotPasswordViewController.swift in Sources */,
				955823E62836ADD700675C9F /* SignInViewController.swift in Sources */,
				9569F41A2826500D00D17B33 /* AppDelegate.swift in Sources */,
				95B239C6283A540100B57044 /* ButtonService.swift in Sources */,
				9574965B28268CB100C88CFB /* HeaderView.swift in Sources */,
				957496A5282EA2E100C88CFB /* ArticleService.swift in Sources */,
				957496A9282EBF3700C88CFB /* OneNewsViewController.swift in Sources */,
				955823F028379D0800675C9F /* OnboardingViewController.swift in Sources */,
				957496AB282EC97900C88CFB /* PageViewController.swift in Sources */,
				957496972827E29E00C88CFB /* VerificationService.swift in Sources */,
				957496542826626B00C88CFB /* ProfileViewController.swift in Sources */,
				9569F41C2826500D00D17B33 /* SceneDelegate.swift in Sources */,
				957496522826625F00C88CFB /* NotificationsViewController.swift in Sources */,
			);
			runOnlyForDeploymentPostprocessing = 0;
		};
/* End PBXSourcesBuildPhase section */

/* Begin PBXVariantGroup section */
		9569F41F2826500D00D17B33 /* Main.storyboard */ = {
			isa = PBXVariantGroup;
			children = (
				9569F4202826500D00D17B33 /* Base */,
			);
			name = Main.storyboard;
			sourceTree = "<group>";
		};
		9569F4242826500E00D17B33 /* LaunchScreen.storyboard */ = {
			isa = PBXVariantGroup;
			children = (
				9569F4252826500E00D17B33 /* Base */,
			);
			name = LaunchScreen.storyboard;
			sourceTree = "<group>";
		};
/* End PBXVariantGroup section */

/* Begin XCBuildConfiguration section */
		9569F4282826500E00D17B33 /* Debug */ = {
			isa = XCBuildConfiguration;
			buildSettings = {
				ALWAYS_SEARCH_USER_PATHS = NO;
				CLANG_ANALYZER_NONNULL = YES;
				CLANG_ANALYZER_NUMBER_OBJECT_CONVERSION = YES_AGGRESSIVE;
				CLANG_CXX_LANGUAGE_STANDARD = "gnu++17";
				CLANG_ENABLE_MODULES = YES;
				CLANG_ENABLE_OBJC_ARC = YES;
				CLANG_ENABLE_OBJC_WEAK = YES;
				CLANG_WARN_BLOCK_CAPTURE_AUTORELEASING = YES;
				CLANG_WARN_BOOL_CONVERSION = YES;
				CLANG_WARN_COMMA = YES;
				CLANG_WARN_CONSTANT_CONVERSION = YES;
				CLANG_WARN_DEPRECATED_OBJC_IMPLEMENTATIONS = YES;
				CLANG_WARN_DIRECT_OBJC_ISA_USAGE = YES_ERROR;
				CLANG_WARN_DOCUMENTATION_COMMENTS = YES;
				CLANG_WARN_EMPTY_BODY = YES;
				CLANG_WARN_ENUM_CONVERSION = YES;
				CLANG_WARN_INFINITE_RECURSION = YES;
				CLANG_WARN_INT_CONVERSION = YES;
				CLANG_WARN_NON_LITERAL_NULL_CONVERSION = YES;
				CLANG_WARN_OBJC_IMPLICIT_RETAIN_SELF = YES;
				CLANG_WARN_OBJC_LITERAL_CONVERSION = YES;
				CLANG_WARN_OBJC_ROOT_CLASS = YES_ERROR;
				CLANG_WARN_QUOTED_INCLUDE_IN_FRAMEWORK_HEADER = YES;
				CLANG_WARN_RANGE_LOOP_ANALYSIS = YES;
				CLANG_WARN_STRICT_PROTOTYPES = YES;
				CLANG_WARN_SUSPICIOUS_MOVE = YES;
				CLANG_WARN_UNGUARDED_AVAILABILITY = YES_AGGRESSIVE;
				CLANG_WARN_UNREACHABLE_CODE = YES;
				CLANG_WARN__DUPLICATE_METHOD_MATCH = YES;
				COPY_PHASE_STRIP = NO;
				DEBUG_INFORMATION_FORMAT = dwarf;
				ENABLE_STRICT_OBJC_MSGSEND = YES;
				ENABLE_TESTABILITY = YES;
				GCC_C_LANGUAGE_STANDARD = gnu11;
				GCC_DYNAMIC_NO_PIC = NO;
				GCC_NO_COMMON_BLOCKS = YES;
				GCC_OPTIMIZATION_LEVEL = 0;
				GCC_PREPROCESSOR_DEFINITIONS = (
					"DEBUG=1",
					"$(inherited)",
				);
				GCC_WARN_64_TO_32_BIT_CONVERSION = NO;
				GCC_WARN_ABOUT_RETURN_TYPE = YES_ERROR;
				GCC_WARN_TYPECHECK_CALLS_TO_PRINTF = NO;
				GCC_WARN_UNDECLARED_SELECTOR = YES;
				GCC_WARN_UNINITIALIZED_AUTOS = YES_AGGRESSIVE;
				GCC_WARN_UNUSED_FUNCTION = YES;
				GCC_WARN_UNUSED_VARIABLE = YES;
				IPHONEOS_DEPLOYMENT_TARGET = 15.4;
				MTL_ENABLE_DEBUG_INFO = INCLUDE_SOURCE;
				MTL_FAST_MATH = YES;
				ONLY_ACTIVE_ARCH = YES;
				SDKROOT = iphoneos;
				SWIFT_ACTIVE_COMPILATION_CONDITIONS = DEBUG;
				SWIFT_OPTIMIZATION_LEVEL = "-Onone";
			};
			name = Debug;
		};
		9569F4292826500E00D17B33 /* Release */ = {
			isa = XCBuildConfiguration;
			buildSettings = {
				ALWAYS_SEARCH_USER_PATHS = NO;
				CLANG_ANALYZER_NONNULL = YES;
				CLANG_ANALYZER_NUMBER_OBJECT_CONVERSION = YES_AGGRESSIVE;
				CLANG_CXX_LANGUAGE_STANDARD = "gnu++17";
				CLANG_ENABLE_MODULES = YES;
				CLANG_ENABLE_OBJC_ARC = YES;
				CLANG_ENABLE_OBJC_WEAK = YES;
				CLANG_WARN_BLOCK_CAPTURE_AUTORELEASING = YES;
				CLANG_WARN_BOOL_CONVERSION = YES;
				CLANG_WARN_COMMA = YES;
				CLANG_WARN_CONSTANT_CONVERSION = YES;
				CLANG_WARN_DEPRECATED_OBJC_IMPLEMENTATIONS = YES;
				CLANG_WARN_DIRECT_OBJC_ISA_USAGE = YES_ERROR;
				CLANG_WARN_DOCUMENTATION_COMMENTS = YES;
				CLANG_WARN_EMPTY_BODY = YES;
				CLANG_WARN_ENUM_CONVERSION = YES;
				CLANG_WARN_INFINITE_RECURSION = YES;
				CLANG_WARN_INT_CONVERSION = YES;
				CLANG_WARN_NON_LITERAL_NULL_CONVERSION = YES;
				CLANG_WARN_OBJC_IMPLICIT_RETAIN_SELF = YES;
				CLANG_WARN_OBJC_LITERAL_CONVERSION = YES;
				CLANG_WARN_OBJC_ROOT_CLASS = YES_ERROR;
				CLANG_WARN_QUOTED_INCLUDE_IN_FRAMEWORK_HEADER = YES;
				CLANG_WARN_RANGE_LOOP_ANALYSIS = YES;
				CLANG_WARN_STRICT_PROTOTYPES = YES;
				CLANG_WARN_SUSPICIOUS_MOVE = YES;
				CLANG_WARN_UNGUARDED_AVAILABILITY = YES_AGGRESSIVE;
				CLANG_WARN_UNREACHABLE_CODE = YES;
				CLANG_WARN__DUPLICATE_METHOD_MATCH = YES;
				COPY_PHASE_STRIP = NO;
				DEBUG_INFORMATION_FORMAT = "dwarf-with-dsym";
				ENABLE_NS_ASSERTIONS = NO;
				ENABLE_STRICT_OBJC_MSGSEND = YES;
				GCC_C_LANGUAGE_STANDARD = gnu11;
				GCC_NO_COMMON_BLOCKS = YES;
				GCC_WARN_64_TO_32_BIT_CONVERSION = NO;
				GCC_WARN_ABOUT_RETURN_TYPE = YES_ERROR;
				GCC_WARN_TYPECHECK_CALLS_TO_PRINTF = NO;
				GCC_WARN_UNDECLARED_SELECTOR = YES;
				GCC_WARN_UNINITIALIZED_AUTOS = YES_AGGRESSIVE;
				GCC_WARN_UNUSED_FUNCTION = YES;
				GCC_WARN_UNUSED_VARIABLE = YES;
				IPHONEOS_DEPLOYMENT_TARGET = 15.4;
				MTL_ENABLE_DEBUG_INFO = NO;
				MTL_FAST_MATH = YES;
				SDKROOT = iphoneos;
				SWIFT_COMPILATION_MODE = wholemodule;
				SWIFT_OPTIMIZATION_LEVEL = "-O";
				VALIDATE_PRODUCT = YES;
			};
			name = Release;
		};
		9569F42B2826500E00D17B33 /* Debug */ = {
			isa = XCBuildConfiguration;
			buildSettings = {
				ASSETCATALOG_COMPILER_APPICON_NAME = AppIcon;
				ASSETCATALOG_COMPILER_GLOBAL_ACCENT_COLOR_NAME = AccentColor;
				CODE_SIGN_STYLE = Automatic;
				CURRENT_PROJECT_VERSION = 1;
				DEVELOPMENT_TEAM = 39N2Z3V63H;
				GENERATE_INFOPLIST_FILE = YES;
				INFOPLIST_FILE = Newspaper/Info.plist;
				INFOPLIST_KEY_NSCameraUsageDescription = "Для выбора фото";
				INFOPLIST_KEY_UIApplicationSupportsIndirectInputEvents = YES;
				INFOPLIST_KEY_UILaunchStoryboardName = LaunchScreen;
				INFOPLIST_KEY_UISupportedInterfaceOrientations = UIInterfaceOrientationPortrait;
				INFOPLIST_KEY_UISupportedInterfaceOrientations_iPad = "UIInterfaceOrientationPortrait UIInterfaceOrientationPortraitUpsideDown UIInterfaceOrientationLandscapeLeft UIInterfaceOrientationLandscapeRight";
				INFOPLIST_KEY_UISupportedInterfaceOrientations_iPhone = "UIInterfaceOrientationPortrait UIInterfaceOrientationLandscapeLeft UIInterfaceOrientationLandscapeRight";
				IPHONEOS_DEPLOYMENT_TARGET = 13.0;
				LD_RUNPATH_SEARCH_PATHS = (
					"$(inherited)",
					"@executable_path/Frameworks",
				);
				MARKETING_VERSION = 1.0;
				PRODUCT_BUNDLE_IDENTIFIER = isivko.Newspaper;
				PRODUCT_NAME = "$(TARGET_NAME)";
				SWIFT_EMIT_LOC_STRINGS = YES;
				SWIFT_VERSION = 5.0;
				TARGETED_DEVICE_FAMILY = 1;
			};
			name = Debug;
		};
		9569F42C2826500E00D17B33 /* Release */ = {
			isa = XCBuildConfiguration;
			buildSettings = {
				ASSETCATALOG_COMPILER_APPICON_NAME = AppIcon;
				ASSETCATALOG_COMPILER_GLOBAL_ACCENT_COLOR_NAME = AccentColor;
				CODE_SIGN_STYLE = Automatic;
				CURRENT_PROJECT_VERSION = 1;
				DEVELOPMENT_TEAM = 39N2Z3V63H;
				GENERATE_INFOPLIST_FILE = YES;
				INFOPLIST_FILE = Newspaper/Info.plist;
				INFOPLIST_KEY_NSCameraUsageDescription = "Для выбора фото";
				INFOPLIST_KEY_UIApplicationSupportsIndirectInputEvents = YES;
				INFOPLIST_KEY_UILaunchStoryboardName = LaunchScreen;
				INFOPLIST_KEY_UISupportedInterfaceOrientations = UIInterfaceOrientationPortrait;
				INFOPLIST_KEY_UISupportedInterfaceOrientations_iPad = "UIInterfaceOrientationPortrait UIInterfaceOrientationPortraitUpsideDown UIInterfaceOrientationLandscapeLeft UIInterfaceOrientationLandscapeRight";
				INFOPLIST_KEY_UISupportedInterfaceOrientations_iPhone = "UIInterfaceOrientationPortrait UIInterfaceOrientationLandscapeLeft UIInterfaceOrientationLandscapeRight";
				IPHONEOS_DEPLOYMENT_TARGET = 13.0;
				LD_RUNPATH_SEARCH_PATHS = (
					"$(inherited)",
					"@executable_path/Frameworks",
				);
				MARKETING_VERSION = 1.0;
				PRODUCT_BUNDLE_IDENTIFIER = isivko.Newspaper;
				PRODUCT_NAME = "$(TARGET_NAME)";
				SWIFT_EMIT_LOC_STRINGS = YES;
				SWIFT_VERSION = 5.0;
				TARGETED_DEVICE_FAMILY = 1;
			};
			name = Release;
		};
/* End XCBuildConfiguration section */

/* Begin XCConfigurationList section */
		9569F4112826500D00D17B33 /* Build configuration list for PBXProject "Newspaper" */ = {
			isa = XCConfigurationList;
			buildConfigurations = (
				9569F4282826500E00D17B33 /* Debug */,
				9569F4292826500E00D17B33 /* Release */,
			);
			defaultConfigurationIsVisible = 0;
			defaultConfigurationName = Release;
		};
		9569F42A2826500E00D17B33 /* Build configuration list for PBXNativeTarget "Newspaper" */ = {
			isa = XCConfigurationList;
			buildConfigurations = (
				9569F42B2826500E00D17B33 /* Debug */,
				9569F42C2826500E00D17B33 /* Release */,
			);
			defaultConfigurationIsVisible = 0;
			defaultConfigurationName = Release;
		};
/* End XCConfigurationList section */

/* Begin XCRemoteSwiftPackageReference section */
		957496672826D31300C88CFB /* XCRemoteSwiftPackageReference "firebase-ios-sdk" */ = {
			isa = XCRemoteSwiftPackageReference;
			repositoryURL = "https://github.com/firebase/firebase-ios-sdk";
			requirement = {
				kind = upToNextMajorVersion;
				minimumVersion = 9.0.0;
			};
		};
/* End XCRemoteSwiftPackageReference section */

/* Begin XCSwiftPackageProductDependency section */
		957496682826D31300C88CFB /* FirebaseAnalytics */ = {
			isa = XCSwiftPackageProductDependency;
			package = 957496672826D31300C88CFB /* XCRemoteSwiftPackageReference "firebase-ios-sdk" */;
			productName = FirebaseAnalytics;
		};
		9574966A2826D31300C88CFB /* FirebaseAnalyticsOnDeviceConversion */ = {
			isa = XCSwiftPackageProductDependency;
			package = 957496672826D31300C88CFB /* XCRemoteSwiftPackageReference "firebase-ios-sdk" */;
			productName = FirebaseAnalyticsOnDeviceConversion;
		};
		9574966C2826D31300C88CFB /* FirebaseAnalyticsSwift */ = {
			isa = XCSwiftPackageProductDependency;
			package = 957496672826D31300C88CFB /* XCRemoteSwiftPackageReference "firebase-ios-sdk" */;
			productName = FirebaseAnalyticsSwift;
		};
		9574966E2826D31300C88CFB /* FirebaseAnalyticsWithoutAdIdSupport */ = {
			isa = XCSwiftPackageProductDependency;
			package = 957496672826D31300C88CFB /* XCRemoteSwiftPackageReference "firebase-ios-sdk" */;
			productName = FirebaseAnalyticsWithoutAdIdSupport;
		};
		957496702826D31300C88CFB /* FirebaseAppCheck */ = {
			isa = XCSwiftPackageProductDependency;
			package = 957496672826D31300C88CFB /* XCRemoteSwiftPackageReference "firebase-ios-sdk" */;
			productName = FirebaseAppCheck;
		};
		957496722826D31300C88CFB /* FirebaseAppDistribution-Beta */ = {
			isa = XCSwiftPackageProductDependency;
			package = 957496672826D31300C88CFB /* XCRemoteSwiftPackageReference "firebase-ios-sdk" */;
			productName = "FirebaseAppDistribution-Beta";
		};
		957496742826D31300C88CFB /* FirebaseAuth */ = {
			isa = XCSwiftPackageProductDependency;
			package = 957496672826D31300C88CFB /* XCRemoteSwiftPackageReference "firebase-ios-sdk" */;
			productName = FirebaseAuth;
		};
		957496762826D31300C88CFB /* FirebaseCrashlytics */ = {
			isa = XCSwiftPackageProductDependency;
			package = 957496672826D31300C88CFB /* XCRemoteSwiftPackageReference "firebase-ios-sdk" */;
			productName = FirebaseCrashlytics;
		};
		957496782826D31300C88CFB /* FirebaseDatabase */ = {
			isa = XCSwiftPackageProductDependency;
			package = 957496672826D31300C88CFB /* XCRemoteSwiftPackageReference "firebase-ios-sdk" */;
			productName = FirebaseDatabase;
		};
		9574967A2826D31300C88CFB /* FirebaseDatabaseSwift */ = {
			isa = XCSwiftPackageProductDependency;
			package = 957496672826D31300C88CFB /* XCRemoteSwiftPackageReference "firebase-ios-sdk" */;
			productName = FirebaseDatabaseSwift;
		};
		9574967C2826D31300C88CFB /* FirebaseFirestore */ = {
			isa = XCSwiftPackageProductDependency;
			package = 957496672826D31300C88CFB /* XCRemoteSwiftPackageReference "firebase-ios-sdk" */;
			productName = FirebaseFirestore;
		};
		9574967E2826D31300C88CFB /* FirebaseFirestoreSwift */ = {
			isa = XCSwiftPackageProductDependency;
			package = 957496672826D31300C88CFB /* XCRemoteSwiftPackageReference "firebase-ios-sdk" */;
			productName = FirebaseFirestoreSwift;
		};
		957496802826D31300C88CFB /* FirebaseFunctions */ = {
			isa = XCSwiftPackageProductDependency;
			package = 957496672826D31300C88CFB /* XCRemoteSwiftPackageReference "firebase-ios-sdk" */;
			productName = FirebaseFunctions;
		};
		957496822826D31300C88CFB /* FirebaseInAppMessaging-Beta */ = {
			isa = XCSwiftPackageProductDependency;
			package = 957496672826D31300C88CFB /* XCRemoteSwiftPackageReference "firebase-ios-sdk" */;
			productName = "FirebaseInAppMessaging-Beta";
		};
		957496842826D31300C88CFB /* FirebaseInAppMessagingSwift-Beta */ = {
			isa = XCSwiftPackageProductDependency;
			package = 957496672826D31300C88CFB /* XCRemoteSwiftPackageReference "firebase-ios-sdk" */;
			productName = "FirebaseInAppMessagingSwift-Beta";
		};
		957496862826D31300C88CFB /* FirebasePerformance */ = {
			isa = XCSwiftPackageProductDependency;
			package = 957496672826D31300C88CFB /* XCRemoteSwiftPackageReference "firebase-ios-sdk" */;
			productName = FirebasePerformance;
		};
		957496882826D31300C88CFB /* FirebaseRemoteConfig */ = {
			isa = XCSwiftPackageProductDependency;
			package = 957496672826D31300C88CFB /* XCRemoteSwiftPackageReference "firebase-ios-sdk" */;
			productName = FirebaseRemoteConfig;
		};
		9574968A2826D31300C88CFB /* FirebaseRemoteConfigSwift */ = {
			isa = XCSwiftPackageProductDependency;
			package = 957496672826D31300C88CFB /* XCRemoteSwiftPackageReference "firebase-ios-sdk" */;
			productName = FirebaseRemoteConfigSwift;
		};
		9574968C2826D31300C88CFB /* FirebaseStorage */ = {
			isa = XCSwiftPackageProductDependency;
			package = 957496672826D31300C88CFB /* XCRemoteSwiftPackageReference "firebase-ios-sdk" */;
			productName = FirebaseStorage;
		};
/* End XCSwiftPackageProductDependency section */
	};
	rootObject = 9569F40E2826500D00D17B33 /* Project object */;
}
